
Microsoft Visual Studio Solution File, Format Version 12.00
# Visual Studio Version 17
VisualStudioVersion = 17.0.31903.59
MinimumVisualStudioVersion = 10.0.40219.1
Project("{2150E333-8FDC-42A3-9474-1A3956D46DE8}") = "src", "src", "{7BA511C7-01E0-482C-A5E5-A969CC9C662C}"
EndProject
Project("{FAE04EC0-301F-11D3-BF4B-00C04F79EFBC}") = "Control14.Domain", "src\Control14.Domain\Control14.Domain.csproj", "{1A3BA6D9-149D-43C6-9472-656EA724F9B8}"
EndProject
Project("{FAE04EC0-301F-11D3-BF4B-00C04F79EFBC}") = "Control14.Application", "src\Control14.Application\Control14.Application.csproj", "{A9C5644E-2101-4710-BDAC-B18A010A6ACC}"
EndProject
Project("{FAE04EC0-301F-11D3-BF4B-00C04F79EFBC}") = "Control14.Infrastructure", "src\Control14.Infrastructure\Control14.Infrastructure.csproj", "{903A9604-9767-4AC8-88E6-D3E4A398D7DD}"
EndProject
Project("{FAE04EC0-301F-11D3-BF4B-00C04F79EFBC}") = "Control14.Api", "src\Control14.Api\Control14.Api.csproj", "{8F5A502C-C559-4AC8-BCA9-679724F9F22E}"
EndProject
Global
	GlobalSection(SolutionConfigurationPlatforms) = preSolution
		Debug|Any CPU = Debug|Any CPU
		Release|Any CPU = Release|Any CPU
	EndGlobalSection
	GlobalSection(ProjectConfigurationPlatforms) = postSolution
		{1A3BA6D9-149D-43C6-9472-656EA724F9B8}.Debug|Any CPU.ActiveCfg = Debug|Any CPU
		{1A3BA6D9-149D-43C6-9472-656EA724F9B8}.Debug|Any CPU.Build.0 = Debug|Any CPU
		{1A3BA6D9-149D-43C6-9472-656EA724F9B8}.Release|Any CPU.ActiveCfg = Release|Any CPU
		{1A3BA6D9-149D-43C6-9472-656EA724F9B8}.Release|Any CPU.Build.0 = Release|Any CPU
		{A9C5644E-2101-4710-BDAC-B18A010A6ACC}.Debug|Any CPU.ActiveCfg = Debug|Any CPU
		{A9C5644E-2101-4710-BDAC-B18A010A6ACC}.Debug|Any CPU.Build.0 = Debug|Any CPU
		{A9C5644E-2101-4710-BDAC-B18A010A6ACC}.Release|Any CPU.ActiveCfg = Release|Any CPU
		{A9C5644E-2101-4710-BDAC-B18A010A6ACC}.Release|Any CPU.Build.0 = Release|Any CPU
		{903A9604-9767-4AC8-88E6-D3E4A398D7DD}.Debug|Any CPU.ActiveCfg = Debug|Any CPU
		{903A9604-9767-4AC8-88E6-D3E4A398D7DD}.Debug|Any CPU.Build.0 = Debug|Any CPU
		{903A9604-9767-4AC8-88E6-D3E4A398D7DD}.Release|Any CPU.ActiveCfg = Release|Any CPU
		{903A9604-9767-4AC8-88E6-D3E4A398D7DD}.Release|Any CPU.Build.0 = Release|Any CPU
		{8F5A502C-C559-4AC8-BCA9-679724F9F22E}.Debug|Any CPU.ActiveCfg = Debug|Any CPU
		{8F5A502C-C559-4AC8-BCA9-679724F9F22E}.Debug|Any CPU.Build.0 = Debug|Any CPU
		{8F5A502C-C559-4AC8-BCA9-679724F9F22E}.Release|Any CPU.ActiveCfg = Release|Any CPU
		{8F5A502C-C559-4AC8-BCA9-679724F9F22E}.Release|Any CPU.Build.0 = Release|Any CPU
	EndGlobalSection
	GlobalSection(SolutionProperties) = preSolution
		HideSolutionNode = FALSE
	EndGlobalSection
	GlobalSection(NestedProjects) = preSolution
		{1A3BA6D9-149D-43C6-9472-656EA724F9B8} = {7BA511C7-01E0-482C-A5E5-A969CC9C662C}
		{A9C5644E-2101-4710-BDAC-B18A010A6ACC} = {7BA511C7-01E0-482C-A5E5-A969CC9C662C}
		{903A9604-9767-4AC8-88E6-D3E4A398D7DD} = {7BA511C7-01E0-482C-A5E5-A969CC9C662C}
		{8F5A502C-C559-4AC8-BCA9-679724F9F22E} = {7BA511C7-01E0-482C-A5E5-A969CC9C662C}
	EndGlobalSection
EndGlobal
